
Microsoft Visual Studio Solution File, Format Version 12.00
# Visual Studio Version 17
VisualStudioVersion = 17.0.31903.59
MinimumVisualStudioVersion = 10.0.40219.1
Project("{FAE04EC0-301F-11D3-BF4B-00C04F79EFBC}") = "ProEventos.API", "Back\src\ProEventos.API\ProEventos.API.csproj", "{50FCAF88-895E-4D1D-B5DA-7404E6AAFA4A}"
EndProject
Global
	GlobalSection(SolutionConfigurationPlatforms) = preSolution
		Debug|Any CPU = Debug|Any CPU
		Release|Any CPU = Release|Any CPU
	EndGlobalSection
	GlobalSection(ProjectConfigurationPlatforms) = postSolution
		{50FCAF88-895E-4D1D-B5DA-7404E6AAFA4A}.Debug|Any CPU.ActiveCfg = Debug|Any CPU
		{50FCAF88-895E-4D1D-B5DA-7404E6AAFA4A}.Debug|Any CPU.Build.0 = Debug|Any CPU
		{50FCAF88-895E-4D1D-B5DA-7404E6AAFA4A}.Release|Any CPU.ActiveCfg = Release|Any CPU
		{50FCAF88-895E-4D1D-B5DA-7404E6AAFA4A}.Release|Any CPU.Build.0 = Release|Any CPU
	EndGlobalSection
	GlobalSection(SolutionProperties) = preSolution
		HideSolutionNode = FALSE
	EndGlobalSection
	GlobalSection(ExtensibilityGlobals) = postSolution
		SolutionGuid = {436E1D21-C76E-4B3B-94D1-386B584447F0}
	EndGlobalSection
EndGlobal
