
Microsoft Visual Studio Solution File, Format Version 12.00
# Visual Studio Version 17
VisualStudioVersion = 17.8.34330.188
MinimumVisualStudioVersion = 10.0.40219.1
Project("{2150E333-8FDC-42A3-9474-1A3956D46DE8}") = "01- Services", "01- Services", "{26055AD5-9BEB-4C8A-BF29-2EBB5E1BD026}"
EndProject
Project("{2150E333-8FDC-42A3-9474-1A3956D46DE8}") = "02-Applicatrion", "02-Applicatrion", "{1491DFE4-DD60-4AB4-8649-B46803E0C58D}"
EndProject
Project("{2150E333-8FDC-42A3-9474-1A3956D46DE8}") = "03- Domain", "03- Domain", "{BB16BD6F-CD4A-4EE8-B707-BF960250BDCF}"
EndProject
Project("{2150E333-8FDC-42A3-9474-1A3956D46DE8}") = "04- Infrastructure", "04- Infrastructure", "{AAA1EC52-B00E-4879-B9AC-7ED49209C08C}"
EndProject
Project("{2150E333-8FDC-42A3-9474-1A3956D46DE8}") = "05- Tests", "05- Tests", "{65C6380D-908F-49EE-BC0A-39A5C838E661}"
EndProject
Project("{FAE04EC0-301F-11D3-BF4B-00C04F79EFBC}") = "RestAPIModeloDDD.API", "RestAPIModeloDDD.API\RestAPIModeloDDD.API.csproj", "{B6C49F2B-C5A3-4FF7-B792-7420C17FB026}"
EndProject
Project("{FAE04EC0-301F-11D3-BF4B-00C04F79EFBC}") = "RestAPIModeloDDD.Application", "RestAPIModeloDDD.aPPLICATION\RestAPIModeloDDD.Application.csproj", "{5B80FBF1-23D0-4FC7-9184-880D76E3AC0C}"
EndProject
Project("{FAE04EC0-301F-11D3-BF4B-00C04F79EFBC}") = "RestAPIModeloDDD.Domain", "RestAPIModeloDDD.Domain\RestAPIModeloDDD.Domain.csproj", "{71358631-1624-411C-9936-75E4D1C978E8}"
EndProject
Project("{FAE04EC0-301F-11D3-BF4B-00C04F79EFBC}") = "RestAPIModeloDDD.Domain.Core", "RestAPIModeloDDD.Domain.Core\RestAPIModeloDDD.Domain.Core.csproj", "{E67125E5-3F1E-4377-8F83-3E3D45374AC0}"
EndProject
Project("{FAE04EC0-301F-11D3-BF4B-00C04F79EFBC}") = "RestAPIModeloDDD.Domain.Services", "RestAPIModeloDDD.Domain.Services\RestAPIModeloDDD.Domain.Services.csproj", "{C07FC0A1-6E79-4C6A-B3B4-F61436CFA5C4}"
EndProject
Project("{FAE04EC0-301F-11D3-BF4B-00C04F79EFBC}") = "RestAPIModeloDDD.Infrastructure", "RestAPIModeloDDD.Infrastructure\RestAPIModeloDDD.Infrastructure.csproj", "{34BFDDAD-B0B2-4BB4-8081-CD527B0B6761}"
EndProject
Project("{FAE04EC0-301F-11D3-BF4B-00C04F79EFBC}") = "RestAPIModeloDDD.Test", "RestAPIModeloDDD.Test\RestAPIModeloDDD.Test.csproj", "{F98B3468-AD34-46C6-A288-8295AE5A58BF}"
EndProject
Global
	GlobalSection(SolutionConfigurationPlatforms) = preSolution
		Debug|Any CPU = Debug|Any CPU
		Release|Any CPU = Release|Any CPU
	EndGlobalSection
	GlobalSection(ProjectConfigurationPlatforms) = postSolution
		{B6C49F2B-C5A3-4FF7-B792-7420C17FB026}.Debug|Any CPU.ActiveCfg = Debug|Any CPU
		{B6C49F2B-C5A3-4FF7-B792-7420C17FB026}.Debug|Any CPU.Build.0 = Debug|Any CPU
		{B6C49F2B-C5A3-4FF7-B792-7420C17FB026}.Release|Any CPU.ActiveCfg = Release|Any CPU
		{B6C49F2B-C5A3-4FF7-B792-7420C17FB026}.Release|Any CPU.Build.0 = Release|Any CPU
		{5B80FBF1-23D0-4FC7-9184-880D76E3AC0C}.Debug|Any CPU.ActiveCfg = Debug|Any CPU
		{5B80FBF1-23D0-4FC7-9184-880D76E3AC0C}.Debug|Any CPU.Build.0 = Debug|Any CPU
		{5B80FBF1-23D0-4FC7-9184-880D76E3AC0C}.Release|Any CPU.ActiveCfg = Release|Any CPU
		{5B80FBF1-23D0-4FC7-9184-880D76E3AC0C}.Release|Any CPU.Build.0 = Release|Any CPU
		{71358631-1624-411C-9936-75E4D1C978E8}.Debug|Any CPU.ActiveCfg = Debug|Any CPU
		{71358631-1624-411C-9936-75E4D1C978E8}.Debug|Any CPU.Build.0 = Debug|Any CPU
		{71358631-1624-411C-9936-75E4D1C978E8}.Release|Any CPU.ActiveCfg = Release|Any CPU
		{71358631-1624-411C-9936-75E4D1C978E8}.Release|Any CPU.Build.0 = Release|Any CPU
		{E67125E5-3F1E-4377-8F83-3E3D45374AC0}.Debug|Any CPU.ActiveCfg = Debug|Any CPU
		{E67125E5-3F1E-4377-8F83-3E3D45374AC0}.Debug|Any CPU.Build.0 = Debug|Any CPU
		{E67125E5-3F1E-4377-8F83-3E3D45374AC0}.Release|Any CPU.ActiveCfg = Release|Any CPU
		{E67125E5-3F1E-4377-8F83-3E3D45374AC0}.Release|Any CPU.Build.0 = Release|Any CPU
		{C07FC0A1-6E79-4C6A-B3B4-F61436CFA5C4}.Debug|Any CPU.ActiveCfg = Debug|Any CPU
		{C07FC0A1-6E79-4C6A-B3B4-F61436CFA5C4}.Debug|Any CPU.Build.0 = Debug|Any CPU
		{C07FC0A1-6E79-4C6A-B3B4-F61436CFA5C4}.Release|Any CPU.ActiveCfg = Release|Any CPU
		{C07FC0A1-6E79-4C6A-B3B4-F61436CFA5C4}.Release|Any CPU.Build.0 = Release|Any CPU
		{34BFDDAD-B0B2-4BB4-8081-CD527B0B6761}.Debug|Any CPU.ActiveCfg = Debug|Any CPU
		{34BFDDAD-B0B2-4BB4-8081-CD527B0B6761}.Debug|Any CPU.Build.0 = Debug|Any CPU
		{34BFDDAD-B0B2-4BB4-8081-CD527B0B6761}.Release|Any CPU.ActiveCfg = Release|Any CPU
		{34BFDDAD-B0B2-4BB4-8081-CD527B0B6761}.Release|Any CPU.Build.0 = Release|Any CPU
		{F98B3468-AD34-46C6-A288-8295AE5A58BF}.Debug|Any CPU.ActiveCfg = Debug|Any CPU
		{F98B3468-AD34-46C6-A288-8295AE5A58BF}.Debug|Any CPU.Build.0 = Debug|Any CPU
		{F98B3468-AD34-46C6-A288-8295AE5A58BF}.Release|Any CPU.ActiveCfg = Release|Any CPU
		{F98B3468-AD34-46C6-A288-8295AE5A58BF}.Release|Any CPU.Build.0 = Release|Any CPU
	EndGlobalSection
	GlobalSection(SolutionProperties) = preSolution
		HideSolutionNode = FALSE
	EndGlobalSection
	GlobalSection(NestedProjects) = preSolution
		{B6C49F2B-C5A3-4FF7-B792-7420C17FB026} = {26055AD5-9BEB-4C8A-BF29-2EBB5E1BD026}
		{5B80FBF1-23D0-4FC7-9184-880D76E3AC0C} = {1491DFE4-DD60-4AB4-8649-B46803E0C58D}
		{71358631-1624-411C-9936-75E4D1C978E8} = {BB16BD6F-CD4A-4EE8-B707-BF960250BDCF}
		{E67125E5-3F1E-4377-8F83-3E3D45374AC0} = {BB16BD6F-CD4A-4EE8-B707-BF960250BDCF}
		{C07FC0A1-6E79-4C6A-B3B4-F61436CFA5C4} = {BB16BD6F-CD4A-4EE8-B707-BF960250BDCF}
		{34BFDDAD-B0B2-4BB4-8081-CD527B0B6761} = {AAA1EC52-B00E-4879-B9AC-7ED49209C08C}
		{F98B3468-AD34-46C6-A288-8295AE5A58BF} = {65C6380D-908F-49EE-BC0A-39A5C838E661}
	EndGlobalSection
	GlobalSection(ExtensibilityGlobals) = postSolution
		SolutionGuid = {5611E30A-B3B9-4ED4-AEF5-4B476926E521}
	EndGlobalSection
EndGlobal
