
Microsoft Visual Studio Solution File, Format Version 12.00
# Visual Studio Version 17
VisualStudioVersion = 17.8.34408.163
MinimumVisualStudioVersion = 10.0.40219.1
Project("{FAE04EC0-301F-11D3-BF4B-00C04F79EFBC}") = "netcore6MySql", "netcore6MySql\netcore6MySql.csproj", "{08D284F8-1147-4013-BEBF-F61F3C1A291C}"
EndProject
Global
	GlobalSection(SolutionConfigurationPlatforms) = preSolution
		Debug|Any CPU = Debug|Any CPU
		Release|Any CPU = Release|Any CPU
	EndGlobalSection
	GlobalSection(ProjectConfigurationPlatforms) = postSolution
		{08D284F8-1147-4013-BEBF-F61F3C1A291C}.Debug|Any CPU.ActiveCfg = Debug|Any CPU
		{08D284F8-1147-4013-BEBF-F61F3C1A291C}.Debug|Any CPU.Build.0 = Debug|Any CPU
		{08D284F8-1147-4013-BEBF-F61F3C1A291C}.Release|Any CPU.ActiveCfg = Release|Any CPU
		{08D284F8-1147-4013-BEBF-F61F3C1A291C}.Release|Any CPU.Build.0 = Release|Any CPU
	EndGlobalSection
	GlobalSection(SolutionProperties) = preSolution
		HideSolutionNode = FALSE
	EndGlobalSection
	GlobalSection(ExtensibilityGlobals) = postSolution
		SolutionGuid = {2A812730-5A7B-4CF6-8A06-41E04770F971}
	EndGlobalSection
EndGlobal
