
Microsoft Visual Studio Solution File, Format Version 12.00
# Visual Studio Version 17
VisualStudioVersion = 17.6.33801.468
MinimumVisualStudioVersion = 10.0.40219.1
Project("{FAE04EC0-301F-11D3-BF4B-00C04F79EFBC}") = "BackOffice", "BackOffice\BackOffice.csproj", "{94FDD08C-3B8B-4272-8DBD-52330F1EB696}"
EndProject
Global
	GlobalSection(SolutionConfigurationPlatforms) = preSolution
		Debug|Any CPU = Debug|Any CPU
		Release|Any CPU = Release|Any CPU
	EndGlobalSection
	GlobalSection(ProjectConfigurationPlatforms) = postSolution
		{94FDD08C-3B8B-4272-8DBD-52330F1EB696}.Debug|Any CPU.ActiveCfg = Debug|Any CPU
		{94FDD08C-3B8B-4272-8DBD-52330F1EB696}.Debug|Any CPU.Build.0 = Debug|Any CPU
		{94FDD08C-3B8B-4272-8DBD-52330F1EB696}.Release|Any CPU.ActiveCfg = Release|Any CPU
		{94FDD08C-3B8B-4272-8DBD-52330F1EB696}.Release|Any CPU.Build.0 = Release|Any CPU
	EndGlobalSection
	GlobalSection(SolutionProperties) = preSolution
		HideSolutionNode = FALSE
	EndGlobalSection
	GlobalSection(ExtensibilityGlobals) = postSolution
		SolutionGuid = {D5EE9860-81DA-4910-8B39-A11C9FCC7A19}
	EndGlobalSection
EndGlobal
